
Microsoft Visual Studio Solution File, Format Version 12.00
# Visual Studio Version 16
VisualStudioVersion = 16.0.29806.167
MinimumVisualStudioVersion = 10.0.40219.1
Project("{159641D6-6404-4A2A-AE62-294DE0FE8301}") = "SSIS Test", "SSIS Test.dtproj", "{275D86FC-9018-4795-9DDF-A31CC0071A80}"
EndProject
Global
	GlobalSection(SolutionConfigurationPlatforms) = preSolution
		Development|Default = Development|Default
	EndGlobalSection
	GlobalSection(ProjectConfigurationPlatforms) = postSolution
		{275D86FC-9018-4795-9DDF-A31CC0071A80}.Development|Default.ActiveCfg = Development
		{275D86FC-9018-4795-9DDF-A31CC0071A80}.Development|Default.Build.0 = Development
	EndGlobalSection
	GlobalSection(SolutionProperties) = preSolution
		HideSolutionNode = FALSE
	EndGlobalSection
	GlobalSection(ExtensibilityGlobals) = postSolution
		SolutionGuid = {0CFA5A74-AED3-4695-97BC-89CD1E082C38}
	EndGlobalSection
EndGlobal
